
Microsoft Visual Studio Solution File, Format Version 12.00
# Visual Studio Version 16
VisualStudioVersion = 16.0.29020.237
MinimumVisualStudioVersion = 10.0.40219.1
Project("{FAE04EC0-301F-11D3-BF4B-00C04F79EFBC}") = "Task4_Polybius_Square", "Task4_Polybius_Square.csproj", "{287304BD-F87F-4A0A-99B2-308AF8EC6B56}"
EndProject
Global
	GlobalSection(SolutionConfigurationPlatforms) = preSolution
		Debug|Any CPU = Debug|Any CPU
		Release|Any CPU = Release|Any CPU
	EndGlobalSection
	GlobalSection(ProjectConfigurationPlatforms) = postSolution
		{287304BD-F87F-4A0A-99B2-308AF8EC6B56}.Debug|Any CPU.ActiveCfg = Debug|Any CPU
		{287304BD-F87F-4A0A-99B2-308AF8EC6B56}.Debug|Any CPU.Build.0 = Debug|Any CPU
		{287304BD-F87F-4A0A-99B2-308AF8EC6B56}.Release|Any CPU.ActiveCfg = Release|Any CPU
		{287304BD-F87F-4A0A-99B2-308AF8EC6B56}.Release|Any CPU.Build.0 = Release|Any CPU
	EndGlobalSection
	GlobalSection(SolutionProperties) = preSolution
		HideSolutionNode = FALSE
	EndGlobalSection
	GlobalSection(ExtensibilityGlobals) = postSolution
		SolutionGuid = {48C9279D-D19B-4DD6-82CF-59DE0FFC1450}
	EndGlobalSection
EndGlobal
